
Microsoft Visual Studio Solution File, Format Version 12.00
# Visual Studio Version 16
VisualStudioVersion = 25.0.1700.2
MinimumVisualStudioVersion = 10.0.40219.1
Project("{FAE04EC0-301F-11D3-BF4B-00C04F79EFBC}") = "AwesomeApp.Android", "AwesomeApp\AwesomeApp.Android\AwesomeApp.Android.csproj", "{F9F41763-C7D7-48E9-B5FB-F60244142750}"
EndProject
Project("{FAE04EC0-301F-11D3-BF4B-00C04F79EFBC}") = "AwesomeApp.iOS", "AwesomeApp\AwesomeApp.iOS\AwesomeApp.iOS.csproj", "{20FEA9DE-56A5-44CF-B1E4-A83018EF5E04}"
EndProject
Project("{FAE04EC0-301F-11D3-BF4B-00C04F79EFBC}") = "AwesomeApp", "AwesomeApp\AwesomeApp\AwesomeApp.csproj", "{35EF48EC-4607-4784-A50B-BB9E77119F3A}"
EndProject
Global
	GlobalSection(SolutionConfigurationPlatforms) = preSolution
		Debug|Any CPU = Debug|Any CPU
		Release|Any CPU = Release|Any CPU
		Debug|iPhoneSimulator = Debug|iPhoneSimulator
		Release|iPhoneSimulator = Release|iPhoneSimulator
		Debug|iPhone = Debug|iPhone
		Release|iPhone = Release|iPhone
	EndGlobalSection
	GlobalSection(ProjectConfigurationPlatforms) = postSolution
		{F9F41763-C7D7-48E9-B5FB-F60244142750}.Debug|Any CPU.ActiveCfg = Debug|Any CPU
		{F9F41763-C7D7-48E9-B5FB-F60244142750}.Debug|Any CPU.Build.0 = Debug|Any CPU
		{F9F41763-C7D7-48E9-B5FB-F60244142750}.Release|Any CPU.ActiveCfg = Release|Any CPU
		{F9F41763-C7D7-48E9-B5FB-F60244142750}.Release|Any CPU.Build.0 = Release|Any CPU
		{F9F41763-C7D7-48E9-B5FB-F60244142750}.Debug|iPhoneSimulator.ActiveCfg = Debug|Any CPU
		{F9F41763-C7D7-48E9-B5FB-F60244142750}.Debug|iPhoneSimulator.Build.0 = Debug|Any CPU
		{F9F41763-C7D7-48E9-B5FB-F60244142750}.Release|iPhoneSimulator.ActiveCfg = Release|Any CPU
		{F9F41763-C7D7-48E9-B5FB-F60244142750}.Release|iPhoneSimulator.Build.0 = Release|Any CPU
		{F9F41763-C7D7-48E9-B5FB-F60244142750}.Debug|iPhone.ActiveCfg = Debug|Any CPU
		{F9F41763-C7D7-48E9-B5FB-F60244142750}.Debug|iPhone.Build.0 = Debug|Any CPU
		{F9F41763-C7D7-48E9-B5FB-F60244142750}.Release|iPhone.ActiveCfg = Release|Any CPU
		{F9F41763-C7D7-48E9-B5FB-F60244142750}.Release|iPhone.Build.0 = Release|Any CPU
		{20FEA9DE-56A5-44CF-B1E4-A83018EF5E04}.Debug|Any CPU.ActiveCfg = Debug|iPhoneSimulator
		{20FEA9DE-56A5-44CF-B1E4-A83018EF5E04}.Debug|Any CPU.Build.0 = Debug|iPhoneSimulator
		{20FEA9DE-56A5-44CF-B1E4-A83018EF5E04}.Release|Any CPU.ActiveCfg = Release|iPhoneSimulator
		{20FEA9DE-56A5-44CF-B1E4-A83018EF5E04}.Release|Any CPU.Build.0 = Release|iPhoneSimulator
		{20FEA9DE-56A5-44CF-B1E4-A83018EF5E04}.Debug|iPhoneSimulator.ActiveCfg = Debug|iPhoneSimulator
		{20FEA9DE-56A5-44CF-B1E4-A83018EF5E04}.Debug|iPhoneSimulator.Build.0 = Debug|iPhoneSimulator
		{20FEA9DE-56A5-44CF-B1E4-A83018EF5E04}.Release|iPhoneSimulator.ActiveCfg = Release|iPhoneSimulator
		{20FEA9DE-56A5-44CF-B1E4-A83018EF5E04}.Release|iPhoneSimulator.Build.0 = Release|iPhoneSimulator
		{20FEA9DE-56A5-44CF-B1E4-A83018EF5E04}.Debug|iPhone.ActiveCfg = Debug|iPhone
		{20FEA9DE-56A5-44CF-B1E4-A83018EF5E04}.Debug|iPhone.Build.0 = Debug|iPhone
		{20FEA9DE-56A5-44CF-B1E4-A83018EF5E04}.Release|iPhone.ActiveCfg = Release|iPhone
		{20FEA9DE-56A5-44CF-B1E4-A83018EF5E04}.Release|iPhone.Build.0 = Release|iPhone
		{35EF48EC-4607-4784-A50B-BB9E77119F3A}.Debug|Any CPU.ActiveCfg = Debug|Any CPU
		{35EF48EC-4607-4784-A50B-BB9E77119F3A}.Debug|Any CPU.Build.0 = Debug|Any CPU
		{35EF48EC-4607-4784-A50B-BB9E77119F3A}.Release|Any CPU.ActiveCfg = Release|Any CPU
		{35EF48EC-4607-4784-A50B-BB9E77119F3A}.Release|Any CPU.Build.0 = Release|Any CPU
		{35EF48EC-4607-4784-A50B-BB9E77119F3A}.Debug|iPhoneSimulator.ActiveCfg = Debug|Any CPU
		{35EF48EC-4607-4784-A50B-BB9E77119F3A}.Debug|iPhoneSimulator.Build.0 = Debug|Any CPU
		{35EF48EC-4607-4784-A50B-BB9E77119F3A}.Release|iPhoneSimulator.ActiveCfg = Release|Any CPU
		{35EF48EC-4607-4784-A50B-BB9E77119F3A}.Release|iPhoneSimulator.Build.0 = Release|Any CPU
		{35EF48EC-4607-4784-A50B-BB9E77119F3A}.Debug|iPhone.ActiveCfg = Debug|Any CPU
		{35EF48EC-4607-4784-A50B-BB9E77119F3A}.Debug|iPhone.Build.0 = Debug|Any CPU
		{35EF48EC-4607-4784-A50B-BB9E77119F3A}.Release|iPhone.ActiveCfg = Release|Any CPU
		{35EF48EC-4607-4784-A50B-BB9E77119F3A}.Release|iPhone.Build.0 = Release|Any CPU
	EndGlobalSection
	GlobalSection(SolutionProperties) = preSolution
		HideSolutionNode = FALSE
	EndGlobalSection
	GlobalSection(ExtensibilityGlobals) = postSolution
		SolutionGuid = {1374260B-52F1-4F06-87A7-5FFFE1E2A3AF}
	EndGlobalSection
EndGlobal
